// !$*UTF8*$!
{
	archiveVersion = 1;
	classes = {
	};
	objectVersion = 46;
	objects = {

/* Begin PBXBuildFile section */
		6003756F1DE33877004AD6C3 /* AppDelegate.swift in Sources */ = {isa = PBXBuildFile; fileRef = 6003756E1DE33877004AD6C3 /* AppDelegate.swift */; };
		600375741DE33877004AD6C3 /* Main.storyboard in Resources */ = {isa = PBXBuildFile; fileRef = 600375721DE33877004AD6C3 /* Main.storyboard */; };
		600375761DE33877004AD6C3 /* Assets.xcassets in Resources */ = {isa = PBXBuildFile; fileRef = 600375751DE33877004AD6C3 /* Assets.xcassets */; };
		600375791DE33877004AD6C3 /* LaunchScreen.storyboard in Resources */ = {isa = PBXBuildFile; fileRef = 600375771DE33877004AD6C3 /* LaunchScreen.storyboard */; };
		600375841DE33877004AD6C3 /* TableViewDemoTests.swift in Sources */ = {isa = PBXBuildFile; fileRef = 600375831DE33877004AD6C3 /* TableViewDemoTests.swift */; };
		6003758F1DE33877004AD6C3 /* TableViewDemoUITests.swift in Sources */ = {isa = PBXBuildFile; fileRef = 6003758E1DE33877004AD6C3 /* TableViewDemoUITests.swift */; };
		6003759D1DE33B16004AD6C3 /* ListTableViewController.swift in Sources */ = {isa = PBXBuildFile; fileRef = 6003759C1DE33B16004AD6C3 /* ListTableViewController.swift */; };
		6003759F1DE33B85004AD6C3 /* Person.swift in Sources */ = {isa = PBXBuildFile; fileRef = 6003759E1DE33B85004AD6C3 /* Person.swift */; };
		608094901DE3465F007676B8 /* DetailTableViewController.swift in Sources */ = {isa = PBXBuildFile; fileRef = 6080948F1DE3465F007676B8 /* DetailTableViewController.swift */; };
/* End PBXBuildFile section */

/* Begin PBXContainerItemProxy section */
		600375801DE33877004AD6C3 /* PBXContainerItemProxy */ = {
			isa = PBXContainerItemProxy;
			containerPortal = 600375631DE33877004AD6C3 /* Project object */;
			proxyType = 1;
			remoteGlobalIDString = 6003756A1DE33877004AD6C3;
			remoteInfo = TableViewDemo;
		};
		6003758B1DE33877004AD6C3 /* PBXContainerItemProxy */ = {
			isa = PBXContainerItemProxy;
			containerPortal = 600375631DE33877004AD6C3 /* Project object */;
			proxyType = 1;
			remoteGlobalIDString = 6003756A1DE33877004AD6C3;
			remoteInfo = TableViewDemo;
		};
/* End PBXContainerItemProxy section */

/* Begin PBXFileReference section */
		6003756B1DE33877004AD6C3 /* TableViewDemo.app */ = {isa = PBXFileReference; explicitFileType = wrapper.application; includeInIndex = 0; path = TableViewDemo.app; sourceTree = BUILT_PRODUCTS_DIR; };
		6003756E1DE33877004AD6C3 /* AppDelegate.swift */ = {isa = PBXFileReference; lastKnownFileType = sourcecode.swift; path = AppDelegate.swift; sourceTree = "<group>"; };
		600375731DE33877004AD6C3 /* Base */ = {isa = PBXFileReference; lastKnownFileType = file.storyboard; name = Base; path = Base.lproj/Main.storyboard; sourceTree = "<group>"; };
		600375751DE33877004AD6C3 /* Assets.xcassets */ = {isa = PBXFileReference; lastKnownFileType = folder.assetcatalog; path = Assets.xcassets; sourceTree = "<group>"; };
		600375781DE33877004AD6C3 /* Base */ = {isa = PBXFileReference; lastKnownFileType = file.storyboard; name = Base; path = Base.lproj/LaunchScreen.storyboard; sourceTree = "<group>"; };
		6003757A1DE33877004AD6C3 /* Info.plist */ = {isa = PBXFileReference; lastKnownFileType = text.plist.xml; path = Info.plist; sourceTree = "<group>"; };
		6003757F1DE33877004AD6C3 /* TableViewDemoTests.xctest */ = {isa = PBXFileReference; explicitFileType = wrapper.cfbundle; includeInIndex = 0; path = TableViewDemoTests.xctest; sourceTree = BUILT_PRODUCTS_DIR; };
		600375831DE33877004AD6C3 /* TableViewDemoTests.swift */ = {isa = PBXFileReference; lastKnownFileType = sourcecode.swift; path = TableViewDemoTests.swift; sourceTree = "<group>"; };
		600375851DE33877004AD6C3 /* Info.plist */ = {isa = PBXFileReference; lastKnownFileType = text.plist.xml; path = Info.plist; sourceTree = "<group>"; };
		6003758A1DE33877004AD6C3 /* TableViewDemoUITests.xctest */ = {isa = PBXFileReference; explicitFileType = wrapper.cfbundle; includeInIndex = 0; path = TableViewDemoUITests.xctest; sourceTree = BUILT_PRODUCTS_DIR; };
		6003758E1DE33877004AD6C3 /* TableViewDemoUITests.swift */ = {isa = PBXFileReference; lastKnownFileType = sourcecode.swift; path = TableViewDemoUITests.swift; sourceTree = "<group>"; };
		600375901DE33877004AD6C3 /* Info.plist */ = {isa = PBXFileReference; lastKnownFileType = text.plist.xml; path = Info.plist; sourceTree = "<group>"; };
		6003759C1DE33B16004AD6C3 /* ListTableViewController.swift */ = {isa = PBXFileReference; fileEncoding = 4; lastKnownFileType = sourcecode.swift; path = ListTableViewController.swift; sourceTree = "<group>"; };
		6003759E1DE33B85004AD6C3 /* Person.swift */ = {isa = PBXFileReference; fileEncoding = 4; lastKnownFileType = sourcecode.swift; path = Person.swift; sourceTree = "<group>"; };
		6080948F1DE3465F007676B8 /* DetailTableViewController.swift */ = {isa = PBXFileReference; fileEncoding = 4; lastKnownFileType = sourcecode.swift; path = DetailTableViewController.swift; sourceTree = "<group>"; };
/* End PBXFileReference section */

/* Begin PBXFrameworksBuildPhase section */
		600375681DE33877004AD6C3 /* Frameworks */ = {
			isa = PBXFrameworksBuildPhase;
			buildActionMask = 2147483647;
			files = (
			);
			runOnlyForDeploymentPostprocessing = 0;
		};
		6003757C1DE33877004AD6C3 /* Frameworks */ = {
			isa = PBXFrameworksBuildPhase;
			buildActionMask = 2147483647;
			files = (
			);
			runOnlyForDeploymentPostprocessing = 0;
		};
		600375871DE33877004AD6C3 /* Frameworks */ = {
			isa = PBXFrameworksBuildPhase;
			buildActionMask = 2147483647;
			files = (
			);
			runOnlyForDeploymentPostprocessing = 0;
		};
/* End PBXFrameworksBuildPhase section */

/* Begin PBXGroup section */
		600375621DE33877004AD6C3 = {
			isa = PBXGroup;
			children = (
				6003756D1DE33877004AD6C3 /* TableViewDemo */,
				600375821DE33877004AD6C3 /* TableViewDemoTests */,
				6003758D1DE33877004AD6C3 /* TableViewDemoUITests */,
				6003756C1DE33877004AD6C3 /* Products */,
			);
			sourceTree = "<group>";
		};
		6003756C1DE33877004AD6C3 /* Products */ = {
			isa = PBXGroup;
			children = (
				6003756B1DE33877004AD6C3 /* TableViewDemo.app */,
				6003757F1DE33877004AD6C3 /* TableViewDemoTests.xctest */,
				6003758A1DE33877004AD6C3 /* TableViewDemoUITests.xctest */,
			);
			name = Products;
			sourceTree = "<group>";
		};
		6003756D1DE33877004AD6C3 /* TableViewDemo */ = {
			isa = PBXGroup;
			children = (
				6003756E1DE33877004AD6C3 /* AppDelegate.swift */,
				600375721DE33877004AD6C3 /* Main.storyboard */,
				600375751DE33877004AD6C3 /* Assets.xcassets */,
				600375771DE33877004AD6C3 /* LaunchScreen.storyboard */,
				6003757A1DE33877004AD6C3 /* Info.plist */,
				6003759C1DE33B16004AD6C3 /* ListTableViewController.swift */,
				6003759E1DE33B85004AD6C3 /* Person.swift */,
				6080948F1DE3465F007676B8 /* DetailTableViewController.swift */,
			);
			path = TableViewDemo;
			sourceTree = "<group>";
		};
		600375821DE33877004AD6C3 /* TableViewDemoTests */ = {
			isa = PBXGroup;
			children = (
				600375831DE33877004AD6C3 /* TableViewDemoTests.swift */,
				600375851DE33877004AD6C3 /* Info.plist */,
			);
			path = TableViewDemoTests;
			sourceTree = "<group>";
		};
		6003758D1DE33877004AD6C3 /* TableViewDemoUITests */ = {
			isa = PBXGroup;
			children = (
				6003758E1DE33877004AD6C3 /* TableViewDemoUITests.swift */,
				600375901DE33877004AD6C3 /* Info.plist */,
			);
			path = TableViewDemoUITests;
			sourceTree = "<group>";
		};
/* End PBXGroup section */

/* Begin PBXNativeTarget section */
		6003756A1DE33877004AD6C3 /* TableViewDemo */ = {
			isa = PBXNativeTarget;
			buildConfigurationList = 600375931DE33877004AD6C3 /* Build configuration list for PBXNativeTarget "TableViewDemo" */;
			buildPhases = (
				600375671DE33877004AD6C3 /* Sources */,
				600375681DE33877004AD6C3 /* Frameworks */,
				600375691DE33877004AD6C3 /* Resources */,
			);
			buildRules = (
			);
			dependencies = (
			);
			name = TableViewDemo;
			productName = TableViewDemo;
			productReference = 6003756B1DE33877004AD6C3 /* TableViewDemo.app */;
			productType = "com.apple.product-type.application";
		};
		6003757E1DE33877004AD6C3 /* TableViewDemoTests */ = {
			isa = PBXNativeTarget;
			buildConfigurationList = 600375961DE33877004AD6C3 /* Build configuration list for PBXNativeTarget "TableViewDemoTests" */;
			buildPhases = (
				6003757B1DE33877004AD6C3 /* Sources */,
				6003757C1DE33877004AD6C3 /* Frameworks */,
				6003757D1DE33877004AD6C3 /* Resources */,
			);
			buildRules = (
			);
			dependencies = (
				600375811DE33877004AD6C3 /* PBXTargetDependency */,
			);
			name = TableViewDemoTests;
			productName = TableViewDemoTests;
			productReference = 6003757F1DE33877004AD6C3 /* TableViewDemoTests.xctest */;
			productType = "com.apple.product-type.bundle.unit-test";
		};
		600375891DE33877004AD6C3 /* TableViewDemoUITests */ = {
			isa = PBXNativeTarget;
			buildConfigurationList = 600375991DE33877004AD6C3 /* Build configuration list for PBXNativeTarget "TableViewDemoUITests" */;
			buildPhases = (
				600375861DE33877004AD6C3 /* Sources */,
				600375871DE33877004AD6C3 /* Frameworks */,
				600375881DE33877004AD6C3 /* Resources */,
			);
			buildRules = (
			);
			dependencies = (
				6003758C1DE33877004AD6C3 /* PBXTargetDependency */,
			);
			name = TableViewDemoUITests;
			productName = TableViewDemoUITests;
			productReference = 6003758A1DE33877004AD6C3 /* TableViewDemoUITests.xctest */;
			productType = "com.apple.product-type.bundle.ui-testing";
		};
/* End PBXNativeTarget section */

/* Begin PBXProject section */
		600375631DE33877004AD6C3 /* Project object */ = {
			isa = PBXProject;
			attributes = {
				LastSwiftUpdateCheck = 0810;
				LastUpgradeCheck = 0810;
				ORGANIZATIONNAME = zjd;
				TargetAttributes = {
					6003756A1DE33877004AD6C3 = {
						CreatedOnToolsVersion = 8.1;
						ProvisioningStyle = Automatic;
					};
					6003757E1DE33877004AD6C3 = {
						CreatedOnToolsVersion = 8.1;
						ProvisioningStyle = Automatic;
						TestTargetID = 6003756A1DE33877004AD6C3;
					};
					600375891DE33877004AD6C3 = {
						CreatedOnToolsVersion = 8.1;
						ProvisioningStyle = Automatic;
						TestTargetID = 6003756A1DE33877004AD6C3;
					};
				};
			};
			buildConfigurationList = 600375661DE33877004AD6C3 /* Build configuration list for PBXProject "TableViewDemo" */;
			compatibilityVersion = "Xcode 3.2";
			developmentRegion = English;
			hasScannedForEncodings = 0;
			knownRegions = (
				en,
				Base,
			);
			mainGroup = 600375621DE33877004AD6C3;
			productRefGroup = 6003756C1DE33877004AD6C3 /* Products */;
			projectDirPath = "";
			projectRoot = "";
			targets = (
				6003756A1DE33877004AD6C3 /* TableViewDemo */,
				6003757E1DE33877004AD6C3 /* TableViewDemoTests */,
				600375891DE33877004AD6C3 /* TableViewDemoUITests */,
			);
		};
/* End PBXProject section */

/* Begin PBXResourcesBuildPhase section */
		600375691DE33877004AD6C3 /* Resources */ = {
			isa = PBXResourcesBuildPhase;
			buildActionMask = 2147483647;
			files = (
				600375791DE33877004AD6C3 /* LaunchScreen.storyboard in Resources */,
				600375761DE33877004AD6C3 /* Assets.xcassets in Resources */,
				600375741DE33877004AD6C3 /* Main.storyboard in Resources */,
			);
			runOnlyForDeploymentPostprocessing = 0;
		};
		6003757D1DE33877004AD6C3 /* Resources */ = {
			isa = PBXResourcesBuildPhase;
			buildActionMask = 2147483647;
			files = (
			);
			runOnlyForDeploymentPostprocessing = 0;
		};
		600375881DE33877004AD6C3 /* Resources */ = {
			isa = PBXResourcesBuildPhase;
			buildActionMask = 2147483647;
			files = (
			);
			runOnlyForDeploymentPostprocessing = 0;
		};
/* End PBXResourcesBuildPhase section */

/* Begin PBXSourcesBuildPhase section */
		600375671DE33877004AD6C3 /* Sources */ = {
			isa = PBXSourcesBuildPhase;
			buildActionMask = 2147483647;
			files = (
				608094901DE3465F007676B8 /* DetailTableViewController.swift in Sources */,
				6003759D1DE33B16004AD6C3 /* ListTableViewController.swift in Sources */,
				6003759F1DE33B85004AD6C3 /* Person.swift in Sources */,
				6003756F1DE33877004AD6C3 /* AppDelegate.swift in Sources */,
			);
			runOnlyForDeploymentPostprocessing = 0;
		};
		6003757B1DE33877004AD6C3 /* Sources */ = {
			isa = PBXSourcesBuildPhase;
			buildActionMask = 2147483647;
			files = (
				600375841DE33877004AD6C3 /* TableViewDemoTests.swift in Sources */,
			);
			runOnlyForDeploymentPostprocessing = 0;
		};
		600375861DE33877004AD6C3 /* Sources */ = {
			isa = PBXSourcesBuildPhase;
			buildActionMask = 2147483647;
			files = (
				6003758F1DE33877004AD6C3 /* TableViewDemoUITests.swift in Sources */,
			);
			runOnlyForDeploymentPostprocessing = 0;
		};
/* End PBXSourcesBuildPhase section */

/* Begin PBXTargetDependency section */
		600375811DE33877004AD6C3 /* PBXTargetDependency */ = {
			isa = PBXTargetDependency;
			target = 6003756A1DE33877004AD6C3 /* TableViewDemo */;
			targetProxy = 600375801DE33877004AD6C3 /* PBXContainerItemProxy */;
		};
		6003758C1DE33877004AD6C3 /* PBXTargetDependency */ = {
			isa = PBXTargetDependency;
			target = 6003756A1DE33877004AD6C3 /* TableViewDemo */;
			targetProxy = 6003758B1DE33877004AD6C3 /* PBXContainerItemProxy */;
		};
/* End PBXTargetDependency section */

/* Begin PBXVariantGroup section */
		600375721DE33877004AD6C3 /* Main.storyboard */ = {
			isa = PBXVariantGroup;
			children = (
				600375731DE33877004AD6C3 /* Base */,
			);
			name = Main.storyboard;
			sourceTree = "<group>";
		};
		600375771DE33877004AD6C3 /* LaunchScreen.storyboard */ = {
			isa = PBXVariantGroup;
			children = (
				600375781DE33877004AD6C3 /* Base */,
			);
			name = LaunchScreen.storyboard;
			sourceTree = "<group>";
		};
/* End PBXVariantGroup section */

/* Begin XCBuildConfiguration section */
		600375911DE33877004AD6C3 /* Debug */ = {
			isa = XCBuildConfiguration;
			buildSettings = {
				ALWAYS_SEARCH_USER_PATHS = NO;
				CLANG_ANALYZER_NONNULL = YES;
				CLANG_CXX_LANGUAGE_STANDARD = "gnu++0x";
				CLANG_CXX_LIBRARY = "libc++";
				CLANG_ENABLE_MODULES = YES;
				CLANG_ENABLE_OBJC_ARC = YES;
				CLANG_WARN_BOOL_CONVERSION = YES;
				CLANG_WARN_CONSTANT_CONVERSION = YES;
				CLANG_WARN_DIRECT_OBJC_ISA_USAGE = YES_ERROR;
				CLANG_WARN_DOCUMENTATION_COMMENTS = YES;
				CLANG_WARN_EMPTY_BODY = YES;
				CLANG_WARN_ENUM_CONVERSION = YES;
				CLANG_WARN_INFINITE_RECURSION = YES;
				CLANG_WARN_INT_CONVERSION = YES;
				CLANG_WARN_OBJC_ROOT_CLASS = YES_ERROR;
				CLANG_WARN_SUSPICIOUS_MOVES = YES;
				CLANG_WARN_UNREACHABLE_CODE = YES;
				CLANG_WARN__DUPLICATE_METHOD_MATCH = YES;
				"CODE_SIGN_IDENTITY[sdk=iphoneos*]" = "iPhone Developer";
				COPY_PHASE_STRIP = NO;
				DEBUG_INFORMATION_FORMAT = dwarf;
				ENABLE_STRICT_OBJC_MSGSEND = YES;
				ENABLE_TESTABILITY = YES;
				GCC_C_LANGUAGE_STANDARD = gnu99;
				GCC_DYNAMIC_NO_PIC = NO;
				GCC_NO_COMMON_BLOCKS = YES;
				GCC_OPTIMIZATION_LEVEL = 0;
				GCC_PREPROCESSOR_DEFINITIONS = (
					"DEBUG=1",
					"$(inherited)",
				);
				GCC_WARN_64_TO_32_BIT_CONVERSION = YES;
				GCC_WARN_ABOUT_RETURN_TYPE = YES_ERROR;
				GCC_WARN_UNDECLARED_SELECTOR = YES;
				GCC_WARN_UNINITIALIZED_AUTOS = YES_AGGRESSIVE;
				GCC_WARN_UNUSED_FUNCTION = YES;
				GCC_WARN_UNUSED_VARIABLE = YES;
				IPHONEOS_DEPLOYMENT_TARGET = 10.1;
				MTL_ENABLE_DEBUG_INFO = YES;
				ONLY_ACTIVE_ARCH = YES;
				SDKROOT = iphoneos;
				SWIFT_ACTIVE_COMPILATION_CONDITIONS = DEBUG;
				SWIFT_OPTIMIZATION_LEVEL = "-Onone";
			};
			name = Debug;
		};
		600375921DE33877004AD6C3 /* Release */ = {
			isa = XCBuildConfiguration;
			buildSettings = {
				ALWAYS_SEARCH_USER_PATHS = NO;
				CLANG_ANALYZER_NONNULL = YES;
				CLANG_CXX_LANGUAGE_STANDARD = "gnu++0x";
				CLANG_CXX_LIBRARY = "libc++";
				CLANG_ENABLE_MODULES = YES;
				CLANG_ENABLE_OBJC_ARC = YES;
				CLANG_WARN_BOOL_CONVERSION = YES;
				CLANG_WARN_CONSTANT_CONVERSION = YES;
				CLANG_WARN_DIRECT_OBJC_ISA_USAGE = YES_ERROR;
				CLANG_WARN_DOCUMENTATION_COMMENTS = YES;
				CLANG_WARN_EMPTY_BODY = YES;
				CLANG_WARN_ENUM_CONVERSION = YES;
				CLANG_WARN_INFINITE_RECURSION = YES;
				CLANG_WARN_INT_CONVERSION = YES;
				CLANG_WARN_OBJC_ROOT_CLASS = YES_ERROR;
				CLANG_WARN_SUSPICIOUS_MOVES = YES;
				CLANG_WARN_UNREACHABLE_CODE = YES;
				CLANG_WARN__DUPLICATE_METHOD_MATCH = YES;
				"CODE_SIGN_IDENTITY[sdk=iphoneos*]" = "iPhone Developer";
				COPY_PHASE_STRIP = NO;
				DEBUG_INFORMATION_FORMAT = "dwarf-with-dsym";
				ENABLE_NS_ASSERTIONS = NO;
				ENABLE_STRICT_OBJC_MSGSEND = YES;
				GCC_C_LANGUAGE_STANDARD = gnu99;
				GCC_NO_COMMON_BLOCKS = YES;
				GCC_WARN_64_TO_32_BIT_CONVERSION = YES;
				GCC_WARN_ABOUT_RETURN_TYPE = YES_ERROR;
				GCC_WARN_UNDECLARED_SELECTOR = YES;
				GCC_WARN_UNINITIALIZED_AUTOS = YES_AGGRESSIVE;
				GCC_WARN_UNUSED_FUNCTION = YES;
				GCC_WARN_UNUSED_VARIABLE = YES;
				IPHONEOS_DEPLOYMENT_TARGET = 10.1;
				MTL_ENABLE_DEBUG_INFO = NO;
				SDKROOT = iphoneos;
				SWIFT_OPTIMIZATION_LEVEL = "-Owholemodule";
				VALIDATE_PRODUCT = YES;
			};
			name = Release;
		};
		600375941DE33877004AD6C3 /* Debug */ = {
			isa = XCBuildConfiguration;
			buildSettings = {
				ASSETCATALOG_COMPILER_APPICON_NAME = AppIcon;
				INFOPLIST_FILE = TableViewDemo/Info.plist;
				LD_RUNPATH_SEARCH_PATHS = "$(inherited) @executable_path/Frameworks";
				PRODUCT_BUNDLE_IDENTIFIER = com.sincetimes.Hello.TableViewDemo;
				PRODUCT_NAME = "$(TARGET_NAME)";
				SWIFT_VERSION = 3.0;
			};
			name = Debug;
		};
		600375951DE33877004AD6C3 /* Release */ = {
			isa = XCBuildConfiguration;
			buildSettings = {
				ASSETCATALOG_COMPILER_APPICON_NAME = AppIcon;
				INFOPLIST_FILE = TableViewDemo/Info.plist;
				LD_RUNPATH_SEARCH_PATHS = "$(inherited) @executable_path/Frameworks";
				PRODUCT_BUNDLE_IDENTIFIER = com.sincetimes.Hello.TableViewDemo;
				PRODUCT_NAME = "$(TARGET_NAME)";
				SWIFT_VERSION = 3.0;
			};
			name = Release;
		};
		600375971DE33877004AD6C3 /* Debug */ = {
			isa = XCBuildConfiguration;
			buildSettings = {
				ALWAYS_EMBED_SWIFT_STANDARD_LIBRARIES = YES;
				BUNDLE_LOADER = "$(TEST_HOST)";
				INFOPLIST_FILE = TableViewDemoTests/Info.plist;
				LD_RUNPATH_SEARCH_PATHS = "$(inherited) @executable_path/Frameworks @loader_path/Frameworks";
				PRODUCT_BUNDLE_IDENTIFIER = com.sincetimes.Hello.TableViewDemoTests;
				PRODUCT_NAME = "$(TARGET_NAME)";
				SWIFT_VERSION = 3.0;
				TEST_HOST = "$(BUILT_PRODUCTS_DIR)/TableViewDemo.app/TableViewDemo";
			};
			name = Debug;
		};
		600375981DE33877004AD6C3 /* Release */ = {
			isa = XCBuildConfiguration;
			buildSettings = {
				ALWAYS_EMBED_SWIFT_STANDARD_LIBRARIES = YES;
				BUNDLE_LOADER = "$(TEST_HOST)";
				INFOPLIST_FILE = TableViewDemoTests/Info.plist;
				LD_RUNPATH_SEARCH_PATHS = "$(inherited) @executable_path/Frameworks @loader_path/Frameworks";
				PRODUCT_BUNDLE_IDENTIFIER = com.sincetimes.Hello.TableViewDemoTests;
				PRODUCT_NAME = "$(TARGET_NAME)";
				SWIFT_VERSION = 3.0;
				TEST_HOST = "$(BUILT_PRODUCTS_DIR)/TableViewDemo.app/TableViewDemo";
			};
			name = Release;
		};
		6003759A1DE33877004AD6C3 /* Debug */ = {
			isa = XCBuildConfiguration;
			buildSettings = {
				ALWAYS_EMBED_SWIFT_STANDARD_LIBRARIES = YES;
				INFOPLIST_FILE = TableViewDemoUITests/Info.plist;
				LD_RUNPATH_SEARCH_PATHS = "$(inherited) @executable_path/Frameworks @loader_path/Frameworks";
				PRODUCT_BUNDLE_IDENTIFIER = com.sincetimes.Hello.TableViewDemoUITests;
				PRODUCT_NAME = "$(TARGET_NAME)";
				SWIFT_VERSION = 3.0;
				TEST_TARGET_NAME = TableViewDemo;
			};
			name = Debug;
		};
		6003759B1DE33877004AD6C3 /* Release */ = {
			isa = XCBuildConfiguration;
			buildSettings = {
				ALWAYS_EMBED_SWIFT_STANDARD_LIBRARIES = YES;
				INFOPLIST_FILE = TableViewDemoUITests/Info.plist;
				LD_RUNPATH_SEARCH_PATHS = "$(inherited) @executable_path/Frameworks @loader_path/Frameworks";
				PRODUCT_BUNDLE_IDENTIFIER = com.sincetimes.Hello.TableViewDemoUITests;
				PRODUCT_NAME = "$(TARGET_NAME)";
				SWIFT_VERSION = 3.0;
				TEST_TARGET_NAME = TableViewDemo;
			};
			name = Release;
		};
/* End XCBuildConfiguration section */

/* Begin XCConfigurationList section */
		600375661DE33877004AD6C3 /* Build configuration list for PBXProject "TableViewDemo" */ = {
			isa = XCConfigurationList;
			buildConfigurations = (
				600375911DE33877004AD6C3 /* Debug */,
				600375921DE33877004AD6C3 /* Release */,
			);
			defaultConfigurationIsVisible = 0;
			defaultConfigurationName = Release;
		};
		600375931DE33877004AD6C3 /* Build configuration list for PBXNativeTarget "TableViewDemo" */ = {
			isa = XCConfigurationList;
			buildConfigurations = (
				600375941DE33877004AD6C3 /* Debug */,
				600375951DE33877004AD6C3 /* Release */,
			);
			defaultConfigurationIsVisible = 0;
			defaultConfigurationName = Release;
		};
		600375961DE33877004AD6C3 /* Build configuration list for PBXNativeTarget "TableViewDemoTests" */ = {
			isa = XCConfigurationList;
			buildConfigurations = (
				600375971DE33877004AD6C3 /* Debug */,
				600375981DE33877004AD6C3 /* Release */,
			);
			defaultConfigurationIsVisible = 0;
			defaultConfigurationName = Release;
		};
		600375991DE33877004AD6C3 /* Build configuration list for PBXNativeTarget "TableViewDemoUITests" */ = {
			isa = XCConfigurationList;
			buildConfigurations = (
				6003759A1DE33877004AD6C3 /* Debug */,
				6003759B1DE33877004AD6C3 /* Release */,
			);
			defaultConfigurationIsVisible = 0;
			defaultConfigurationName = Release;
		};
/* End XCConfigurationList section */
	};
	rootObject = 600375631DE33877004AD6C3 /* Project object */;
}
